// !$*UTF8*$!
{
	archiveVersion = 1;
	classes = {
	};
	objectVersion = 51;
	objects = {

/* Begin PBXBuildFile section */
		15C6C0A7BAF4E8DEFFEF610B /* Pods_music_search.framework in Frameworks */ = {isa = PBXBuildFile; fileRef = 307743E5D645DF739BF5C1AE /* Pods_music_search.framework */; };
		62C759B57BC11FADC737BC57 /* Pods_music_searchTests.framework in Frameworks */ = {isa = PBXBuildFile; fileRef = 7A7C751F50E155D47459653B /* Pods_music_searchTests.framework */; };
		8B93B25E242BAC120072D49B /* AppDelegate.swift in Sources */ = {isa = PBXBuildFile; fileRef = 8B93B25D242BAC120072D49B /* AppDelegate.swift */; };
		8B93B267242BAC150072D49B /* Assets.xcassets in Resources */ = {isa = PBXBuildFile; fileRef = 8B93B266242BAC150072D49B /* Assets.xcassets */; };
		8B93B26A242BAC150072D49B /* LaunchScreen.storyboard in Resources */ = {isa = PBXBuildFile; fileRef = 8B93B268242BAC150072D49B /* LaunchScreen.storyboard */; };
		8B93B275242BAC150072D49B /* music_searchTests.swift in Sources */ = {isa = PBXBuildFile; fileRef = 8B93B274242BAC150072D49B /* music_searchTests.swift */; };
		8B93B282242BACB10072D49B /* MainViewController.swift in Sources */ = {isa = PBXBuildFile; fileRef = 8B93B281242BACB10072D49B /* MainViewController.swift */; };
		8B93B284242BACCE0072D49B /* MainView.swift in Sources */ = {isa = PBXBuildFile; fileRef = 8B93B283242BACCE0072D49B /* MainView.swift */; };
		8B93B286242BAFDE0072D49B /* MusicTableViewCell.swift in Sources */ = {isa = PBXBuildFile; fileRef = 8B93B285242BAFDE0072D49B /* MusicTableViewCell.swift */; };
		8B93B28A242BB0C00072D49B /* MusicListModel.swift in Sources */ = {isa = PBXBuildFile; fileRef = 8B93B289242BB0C00072D49B /* MusicListModel.swift */; };
		8B93B28D242BB0E90072D49B /* MusicListDTO.swift in Sources */ = {isa = PBXBuildFile; fileRef = 8B93B28C242BB0E90072D49B /* MusicListDTO.swift */; };
		8B93B28F242BB4F90072D49B /* MusicItemDTO.swift in Sources */ = {isa = PBXBuildFile; fileRef = 8B93B28E242BB4F90072D49B /* MusicItemDTO.swift */; };
		8B93B291242BB9D80072D49B /* ApiService.swift in Sources */ = {isa = PBXBuildFile; fileRef = 8B93B290242BB9D80072D49B /* ApiService.swift */; };
/* End PBXBuildFile section */

/* Begin PBXContainerItemProxy section */
		8B93B271242BAC150072D49B /* PBXContainerItemProxy */ = {
			isa = PBXContainerItemProxy;
			containerPortal = 8B93B252242BAC120072D49B /* Project object */;
			proxyType = 1;
			remoteGlobalIDString = 8B93B259242BAC120072D49B;
			remoteInfo = "music-search";
		};
/* End PBXContainerItemProxy section */

/* Begin PBXFileReference section */
		307743E5D645DF739BF5C1AE /* Pods_music_search.framework */ = {isa = PBXFileReference; explicitFileType = wrapper.framework; includeInIndex = 0; path = Pods_music_search.framework; sourceTree = BUILT_PRODUCTS_DIR; };
		4E8EB39976ADB67ECBEF6F6A /* Pods-music-search.release.xcconfig */ = {isa = PBXFileReference; includeInIndex = 1; lastKnownFileType = text.xcconfig; name = "Pods-music-search.release.xcconfig"; path = "Target Support Files/Pods-music-search/Pods-music-search.release.xcconfig"; sourceTree = "<group>"; };
		7A7C751F50E155D47459653B /* Pods_music_searchTests.framework */ = {isa = PBXFileReference; explicitFileType = wrapper.framework; includeInIndex = 0; path = Pods_music_searchTests.framework; sourceTree = BUILT_PRODUCTS_DIR; };
		8292CB831BC25CAB9A59820C /* Pods-music-searchTests.release.xcconfig */ = {isa = PBXFileReference; includeInIndex = 1; lastKnownFileType = text.xcconfig; name = "Pods-music-searchTests.release.xcconfig"; path = "Target Support Files/Pods-music-searchTests/Pods-music-searchTests.release.xcconfig"; sourceTree = "<group>"; };
		8B93B25A242BAC120072D49B /* music-search.app */ = {isa = PBXFileReference; explicitFileType = wrapper.application; includeInIndex = 0; path = "music-search.app"; sourceTree = BUILT_PRODUCTS_DIR; };
		8B93B25D242BAC120072D49B /* AppDelegate.swift */ = {isa = PBXFileReference; lastKnownFileType = sourcecode.swift; path = AppDelegate.swift; sourceTree = "<group>"; };
		8B93B266242BAC150072D49B /* Assets.xcassets */ = {isa = PBXFileReference; lastKnownFileType = folder.assetcatalog; path = Assets.xcassets; sourceTree = "<group>"; };
		8B93B269242BAC150072D49B /* Base */ = {isa = PBXFileReference; lastKnownFileType = file.storyboard; name = Base; path = Base.lproj/LaunchScreen.storyboard; sourceTree = "<group>"; };
		8B93B26B242BAC150072D49B /* Info.plist */ = {isa = PBXFileReference; lastKnownFileType = text.plist.xml; path = Info.plist; sourceTree = "<group>"; };
		8B93B270242BAC150072D49B /* music-searchTests.xctest */ = {isa = PBXFileReference; explicitFileType = wrapper.cfbundle; includeInIndex = 0; path = "music-searchTests.xctest"; sourceTree = BUILT_PRODUCTS_DIR; };
		8B93B274242BAC150072D49B /* music_searchTests.swift */ = {isa = PBXFileReference; lastKnownFileType = sourcecode.swift; path = music_searchTests.swift; sourceTree = "<group>"; };
		8B93B276242BAC150072D49B /* Info.plist */ = {isa = PBXFileReference; lastKnownFileType = text.plist.xml; path = Info.plist; sourceTree = "<group>"; };
		8B93B281242BACB10072D49B /* MainViewController.swift */ = {isa = PBXFileReference; lastKnownFileType = sourcecode.swift; path = MainViewController.swift; sourceTree = "<group>"; };
		8B93B283242BACCE0072D49B /* MainView.swift */ = {isa = PBXFileReference; lastKnownFileType = sourcecode.swift; path = MainView.swift; sourceTree = "<group>"; };
		8B93B285242BAFDE0072D49B /* MusicTableViewCell.swift */ = {isa = PBXFileReference; lastKnownFileType = sourcecode.swift; path = MusicTableViewCell.swift; sourceTree = "<group>"; };
		8B93B289242BB0C00072D49B /* MusicListModel.swift */ = {isa = PBXFileReference; lastKnownFileType = sourcecode.swift; path = MusicListModel.swift; sourceTree = "<group>"; };
		8B93B28C242BB0E90072D49B /* MusicListDTO.swift */ = {isa = PBXFileReference; lastKnownFileType = sourcecode.swift; path = MusicListDTO.swift; sourceTree = "<group>"; };
		8B93B28E242BB4F90072D49B /* MusicItemDTO.swift */ = {isa = PBXFileReference; lastKnownFileType = sourcecode.swift; path = MusicItemDTO.swift; sourceTree = "<group>"; };
		8B93B290242BB9D80072D49B /* ApiService.swift */ = {isa = PBXFileReference; lastKnownFileType = sourcecode.swift; path = ApiService.swift; sourceTree = "<group>"; };
		9789575DF05EBDDBE5EC490F /* Pods-music-searchTests.debug.xcconfig */ = {isa = PBXFileReference; includeInIndex = 1; lastKnownFileType = text.xcconfig; name = "Pods-music-searchTests.debug.xcconfig"; path = "Target Support Files/Pods-music-searchTests/Pods-music-searchTests.debug.xcconfig"; sourceTree = "<group>"; };
		ABC05C882C3AB309F6B76CBA /* Pods-music-search.debug.xcconfig */ = {isa = PBXFileReference; includeInIndex = 1; lastKnownFileType = text.xcconfig; name = "Pods-music-search.debug.xcconfig"; path = "Target Support Files/Pods-music-search/Pods-music-search.debug.xcconfig"; sourceTree = "<group>"; };
/* End PBXFileReference section */

/* Begin PBXFrameworksBuildPhase section */
		8B93B257242BAC120072D49B /* Frameworks */ = {
			isa = PBXFrameworksBuildPhase;
			buildActionMask = 2147483647;
			files = (
				15C6C0A7BAF4E8DEFFEF610B /* Pods_music_search.framework in Frameworks */,
			);
			runOnlyForDeploymentPostprocessing = 0;
		};
		8B93B26D242BAC150072D49B /* Frameworks */ = {
			isa = PBXFrameworksBuildPhase;
			buildActionMask = 2147483647;
			files = (
				62C759B57BC11FADC737BC57 /* Pods_music_searchTests.framework in Frameworks */,
			);
			runOnlyForDeploymentPostprocessing = 0;
		};
/* End PBXFrameworksBuildPhase section */

/* Begin PBXGroup section */
		8B93B251242BAC120072D49B = {
			isa = PBXGroup;
			children = (
				8B93B25C242BAC120072D49B /* music-search */,
				8B93B273242BAC150072D49B /* music-searchTests */,
				8B93B25B242BAC120072D49B /* Products */,
				B1494C58EF557A91E18799FC /* Pods */,
				C07F1E0D680E2EE3B7B9A135 /* Frameworks */,
			);
			sourceTree = "<group>";
		};
		8B93B25B242BAC120072D49B /* Products */ = {
			isa = PBXGroup;
			children = (
				8B93B25A242BAC120072D49B /* music-search.app */,
				8B93B270242BAC150072D49B /* music-searchTests.xctest */,
			);
			name = Products;
			sourceTree = "<group>";
		};
		8B93B25C242BAC120072D49B /* music-search */ = {
			isa = PBXGroup;
			children = (
				8B93B288242BB0950072D49B /* Service */,
				8B93B28B242BB0CB0072D49B /* Model */,
				8B93B287242BB08B0072D49B /* ViewModels */,
				8B93B27F242BAC830072D49B /* ViewControllers */,
				8B93B25D242BAC120072D49B /* AppDelegate.swift */,
				8B93B266242BAC150072D49B /* Assets.xcassets */,
				8B93B268242BAC150072D49B /* LaunchScreen.storyboard */,
				8B93B26B242BAC150072D49B /* Info.plist */,
			);
			path = "music-search";
			sourceTree = "<group>";
		};
		8B93B273242BAC150072D49B /* music-searchTests */ = {
			isa = PBXGroup;
			children = (
				8B93B274242BAC150072D49B /* music_searchTests.swift */,
				8B93B276242BAC150072D49B /* Info.plist */,
			);
			path = "music-searchTests";
			sourceTree = "<group>";
		};
		8B93B27F242BAC830072D49B /* ViewControllers */ = {
			isa = PBXGroup;
			children = (
				8B93B280242BAC960072D49B /* MainViewController */,
			);
			path = ViewControllers;
			sourceTree = "<group>";
		};
		8B93B280242BAC960072D49B /* MainViewController */ = {
			isa = PBXGroup;
			children = (
				8B93B281242BACB10072D49B /* MainViewController.swift */,
				8B93B283242BACCE0072D49B /* MainView.swift */,
				8B93B285242BAFDE0072D49B /* MusicTableViewCell.swift */,
			);
			path = MainViewController;
			sourceTree = "<group>";
		};
		8B93B287242BB08B0072D49B /* ViewModels */ = {
			isa = PBXGroup;
			children = (
				8B93B289242BB0C00072D49B /* MusicListModel.swift */,
			);
			path = ViewModels;
			sourceTree = "<group>";
		};
		8B93B288242BB0950072D49B /* Service */ = {
			isa = PBXGroup;
			children = (
				8B93B290242BB9D80072D49B /* ApiService.swift */,
			);
			path = Service;
			sourceTree = "<group>";
		};
		8B93B28B242BB0CB0072D49B /* Model */ = {
			isa = PBXGroup;
			children = (
				8B93B28C242BB0E90072D49B /* MusicListDTO.swift */,
				8B93B28E242BB4F90072D49B /* MusicItemDTO.swift */,
			);
			path = Model;
			sourceTree = "<group>";
		};
		B1494C58EF557A91E18799FC /* Pods */ = {
			isa = PBXGroup;
			children = (
				ABC05C882C3AB309F6B76CBA /* Pods-music-search.debug.xcconfig */,
				4E8EB39976ADB67ECBEF6F6A /* Pods-music-search.release.xcconfig */,
				9789575DF05EBDDBE5EC490F /* Pods-music-searchTests.debug.xcconfig */,
				8292CB831BC25CAB9A59820C /* Pods-music-searchTests.release.xcconfig */,
			);
			path = Pods;
			sourceTree = "<group>";
		};
		C07F1E0D680E2EE3B7B9A135 /* Frameworks */ = {
			isa = PBXGroup;
			children = (
				307743E5D645DF739BF5C1AE /* Pods_music_search.framework */,
				7A7C751F50E155D47459653B /* Pods_music_searchTests.framework */,
			);
			name = Frameworks;
			sourceTree = "<group>";
		};
/* End PBXGroup section */

/* Begin PBXNativeTarget section */
		8B93B259242BAC120072D49B /* music-search */ = {
			isa = PBXNativeTarget;
			buildConfigurationList = 8B93B279242BAC150072D49B /* Build configuration list for PBXNativeTarget "music-search" */;
			buildPhases = (
				F40AC16125B675C05C8BBFAD /* [CP] Check Pods Manifest.lock */,
				8B93B256242BAC120072D49B /* Sources */,
				8B93B257242BAC120072D49B /* Frameworks */,
				8B93B258242BAC120072D49B /* Resources */,
				141889D9B398DAC67F9F1624 /* [CP] Embed Pods Frameworks */,
			);
			buildRules = (
			);
			dependencies = (
			);
			name = "music-search";
			productName = "music-search";
			productReference = 8B93B25A242BAC120072D49B /* music-search.app */;
			productType = "com.apple.product-type.application";
		};
		8B93B26F242BAC150072D49B /* music-searchTests */ = {
			isa = PBXNativeTarget;
			buildConfigurationList = 8B93B27C242BAC150072D49B /* Build configuration list for PBXNativeTarget "music-searchTests" */;
			buildPhases = (
				436E6436D1B64275C96EB132 /* [CP] Check Pods Manifest.lock */,
				8B93B26C242BAC150072D49B /* Sources */,
				8B93B26D242BAC150072D49B /* Frameworks */,
				8B93B26E242BAC150072D49B /* Resources */,
			);
			buildRules = (
			);
			dependencies = (
				8B93B272242BAC150072D49B /* PBXTargetDependency */,
			);
			name = "music-searchTests";
			productName = "music-searchTests";
			productReference = 8B93B270242BAC150072D49B /* music-searchTests.xctest */;
			productType = "com.apple.product-type.bundle.unit-test";
		};
/* End PBXNativeTarget section */

/* Begin PBXProject section */
		8B93B252242BAC120072D49B /* Project object */ = {
			isa = PBXProject;
			attributes = {
				LastSwiftUpdateCheck = 1140;
				LastUpgradeCheck = 1140;
				ORGANIZATIONNAME = "Дмитрий Кириллович Осетров";
				TargetAttributes = {
					8B93B259242BAC120072D49B = {
						CreatedOnToolsVersion = 11.4;
					};
					8B93B26F242BAC150072D49B = {
						CreatedOnToolsVersion = 11.4;
						TestTargetID = 8B93B259242BAC120072D49B;
					};
				};
			};
			buildConfigurationList = 8B93B255242BAC120072D49B /* Build configuration list for PBXProject "music-search" */;
			compatibilityVersion = "Xcode 9.3";
			developmentRegion = en;
			hasScannedForEncodings = 0;
			knownRegions = (
				en,
				Base,
			);
			mainGroup = 8B93B251242BAC120072D49B;
			productRefGroup = 8B93B25B242BAC120072D49B /* Products */;
			projectDirPath = "";
			projectRoot = "";
			targets = (
				8B93B259242BAC120072D49B /* music-search */,
				8B93B26F242BAC150072D49B /* music-searchTests */,
			);
		};
/* End PBXProject section */

/* Begin PBXResourcesBuildPhase section */
		8B93B258242BAC120072D49B /* Resources */ = {
			isa = PBXResourcesBuildPhase;
			buildActionMask = 2147483647;
			files = (
				8B93B26A242BAC150072D49B /* LaunchScreen.storyboard in Resources */,
				8B93B267242BAC150072D49B /* Assets.xcassets in Resources */,
			);
			runOnlyForDeploymentPostprocessing = 0;
		};
		8B93B26E242BAC150072D49B /* Resources */ = {
			isa = PBXResourcesBuildPhase;
			buildActionMask = 2147483647;
			files = (
			);
			runOnlyForDeploymentPostprocessing = 0;
		};
/* End PBXResourcesBuildPhase section */

/* Begin PBXShellScriptBuildPhase section */
		141889D9B398DAC67F9F1624 /* [CP] Embed Pods Frameworks */ = {
			isa = PBXShellScriptBuildPhase;
			buildActionMask = 2147483647;
			files = (
			);
			inputFileListPaths = (
				"${PODS_ROOT}/Target Support Files/Pods-music-search/Pods-music-search-frameworks-${CONFIGURATION}-input-files.xcfilelist",
			);
			name = "[CP] Embed Pods Frameworks";
			outputFileListPaths = (
				"${PODS_ROOT}/Target Support Files/Pods-music-search/Pods-music-search-frameworks-${CONFIGURATION}-output-files.xcfilelist",
			);
			runOnlyForDeploymentPostprocessing = 0;
			shellPath = /bin/sh;
			shellScript = "\"${PODS_ROOT}/Target Support Files/Pods-music-search/Pods-music-search-frameworks.sh\"\n";
			showEnvVarsInLog = 0;
		};
		436E6436D1B64275C96EB132 /* [CP] Check Pods Manifest.lock */ = {
			isa = PBXShellScriptBuildPhase;
			buildActionMask = 2147483647;
			files = (
			);
			inputFileListPaths = (
			);
			inputPaths = (
				"${PODS_PODFILE_DIR_PATH}/Podfile.lock",
				"${PODS_ROOT}/Manifest.lock",
			);
			name = "[CP] Check Pods Manifest.lock";
			outputFileListPaths = (
			);
			outputPaths = (
				"$(DERIVED_FILE_DIR)/Pods-music-searchTests-checkManifestLockResult.txt",
			);
			runOnlyForDeploymentPostprocessing = 0;
			shellPath = /bin/sh;
			shellScript = "diff \"${PODS_PODFILE_DIR_PATH}/Podfile.lock\" \"${PODS_ROOT}/Manifest.lock\" > /dev/null\nif [ $? != 0 ] ; then\n    # print error to STDERR\n    echo \"error: The sandbox is not in sync with the Podfile.lock. Run 'pod install' or update your CocoaPods installation.\" >&2\n    exit 1\nfi\n# This output is used by Xcode 'outputs' to avoid re-running this script phase.\necho \"SUCCESS\" > \"${SCRIPT_OUTPUT_FILE_0}\"\n";
			showEnvVarsInLog = 0;
		};
		F40AC16125B675C05C8BBFAD /* [CP] Check Pods Manifest.lock */ = {
			isa = PBXShellScriptBuildPhase;
			buildActionMask = 2147483647;
			files = (
			);
			inputFileListPaths = (
			);
			inputPaths = (
				"${PODS_PODFILE_DIR_PATH}/Podfile.lock",
				"${PODS_ROOT}/Manifest.lock",
			);
			name = "[CP] Check Pods Manifest.lock";
			outputFileListPaths = (
			);
			outputPaths = (
				"$(DERIVED_FILE_DIR)/Pods-music-search-checkManifestLockResult.txt",
			);
			runOnlyForDeploymentPostprocessing = 0;
			shellPath = /bin/sh;
			shellScript = "diff \"${PODS_PODFILE_DIR_PATH}/Podfile.lock\" \"${PODS_ROOT}/Manifest.lock\" > /dev/null\nif [ $? != 0 ] ; then\n    # print error to STDERR\n    echo \"error: The sandbox is not in sync with the Podfile.lock. Run 'pod install' or update your CocoaPods installation.\" >&2\n    exit 1\nfi\n# This output is used by Xcode 'outputs' to avoid re-running this script phase.\necho \"SUCCESS\" > \"${SCRIPT_OUTPUT_FILE_0}\"\n";
			showEnvVarsInLog = 0;
		};
/* End PBXShellScriptBuildPhase section */

/* Begin PBXSourcesBuildPhase section */
		8B93B256242BAC120072D49B /* Sources */ = {
			isa = PBXSourcesBuildPhase;
			buildActionMask = 2147483647;
			files = (
				8B93B28A242BB0C00072D49B /* MusicListModel.swift in Sources */,
				8B93B25E242BAC120072D49B /* AppDelegate.swift in Sources */,
				8B93B284242BACCE0072D49B /* MainView.swift in Sources */,
				8B93B28D242BB0E90072D49B /* MusicListDTO.swift in Sources */,
				8B93B282242BACB10072D49B /* MainViewController.swift in Sources */,
				8B93B28F242BB4F90072D49B /* MusicItemDTO.swift in Sources */,
				8B93B291242BB9D80072D49B /* ApiService.swift in Sources */,
				8B93B286242BAFDE0072D49B /* MusicTableViewCell.swift in Sources */,
			);
			runOnlyForDeploymentPostprocessing = 0;
		};
		8B93B26C242BAC150072D49B /* Sources */ = {
			isa = PBXSourcesBuildPhase;
			buildActionMask = 2147483647;
			files = (
				8B93B275242BAC150072D49B /* music_searchTests.swift in Sources */,
			);
			runOnlyForDeploymentPostprocessing = 0;
		};
/* End PBXSourcesBuildPhase section */

/* Begin PBXTargetDependency section */
		8B93B272242BAC150072D49B /* PBXTargetDependency */ = {
			isa = PBXTargetDependency;
			target = 8B93B259242BAC120072D49B /* music-search */;
			targetProxy = 8B93B271242BAC150072D49B /* PBXContainerItemProxy */;
		};
/* End PBXTargetDependency section */

/* Begin PBXVariantGroup section */
		8B93B268242BAC150072D49B /* LaunchScreen.storyboard */ = {
			isa = PBXVariantGroup;
			children = (
				8B93B269242BAC150072D49B /* Base */,
			);
			name = LaunchScreen.storyboard;
			sourceTree = "<group>";
		};
/* End PBXVariantGroup section */

/* Begin XCBuildConfiguration section */
		8B93B277242BAC150072D49B /* Debug */ = {
			isa = XCBuildConfiguration;
			buildSettings = {
				ALWAYS_SEARCH_USER_PATHS = NO;
				CLANG_ANALYZER_NONNULL = YES;
				CLANG_ANALYZER_NUMBER_OBJECT_CONVERSION = YES_AGGRESSIVE;
				CLANG_CXX_LANGUAGE_STANDARD = "gnu++14";
				CLANG_CXX_LIBRARY = "libc++";
				CLANG_ENABLE_MODULES = YES;
				CLANG_ENABLE_OBJC_ARC = YES;
				CLANG_ENABLE_OBJC_WEAK = YES;
				CLANG_WARN_BLOCK_CAPTURE_AUTORELEASING = YES;
				CLANG_WARN_BOOL_CONVERSION = YES;
				CLANG_WARN_COMMA = YES;
				CLANG_WARN_CONSTANT_CONVERSION = YES;
				CLANG_WARN_DEPRECATED_OBJC_IMPLEMENTATIONS = YES;
				CLANG_WARN_DIRECT_OBJC_ISA_USAGE = YES_ERROR;
				CLANG_WARN_DOCUMENTATION_COMMENTS = YES;
				CLANG_WARN_EMPTY_BODY = YES;
				CLANG_WARN_ENUM_CONVERSION = YES;
				CLANG_WARN_INFINITE_RECURSION = YES;
				CLANG_WARN_INT_CONVERSION = YES;
				CLANG_WARN_NON_LITERAL_NULL_CONVERSION = YES;
				CLANG_WARN_OBJC_IMPLICIT_RETAIN_SELF = YES;
				CLANG_WARN_OBJC_LITERAL_CONVERSION = YES;
				CLANG_WARN_OBJC_ROOT_CLASS = YES_ERROR;
				CLANG_WARN_RANGE_LOOP_ANALYSIS = YES;
				CLANG_WARN_STRICT_PROTOTYPES = YES;
				CLANG_WARN_SUSPICIOUS_MOVE = YES;
				CLANG_WARN_UNGUARDED_AVAILABILITY = YES_AGGRESSIVE;
				CLANG_WARN_UNREACHABLE_CODE = YES;
				CLANG_WARN__DUPLICATE_METHOD_MATCH = YES;
				COPY_PHASE_STRIP = NO;
				DEBUG_INFORMATION_FORMAT = dwarf;
				ENABLE_STRICT_OBJC_MSGSEND = YES;
				ENABLE_TESTABILITY = YES;
				GCC_C_LANGUAGE_STANDARD = gnu11;
				GCC_DYNAMIC_NO_PIC = NO;
				GCC_NO_COMMON_BLOCKS = YES;
				GCC_OPTIMIZATION_LEVEL = 0;
				GCC_PREPROCESSOR_DEFINITIONS = (
					"DEBUG=1",
					"$(inherited)",
				);
				GCC_WARN_64_TO_32_BIT_CONVERSION = YES;
				GCC_WARN_ABOUT_RETURN_TYPE = YES_ERROR;
				GCC_WARN_UNDECLARED_SELECTOR = YES;
				GCC_WARN_UNINITIALIZED_AUTOS = YES_AGGRESSIVE;
				GCC_WARN_UNUSED_FUNCTION = YES;
				GCC_WARN_UNUSED_VARIABLE = YES;
				IPHONEOS_DEPLOYMENT_TARGET = 13.4;
				MTL_ENABLE_DEBUG_INFO = INCLUDE_SOURCE;
				MTL_FAST_MATH = YES;
				ONLY_ACTIVE_ARCH = YES;
				SDKROOT = iphoneos;
				SWIFT_ACTIVE_COMPILATION_CONDITIONS = DEBUG;
				SWIFT_OPTIMIZATION_LEVEL = "-Onone";
			};
			name = Debug;
		};
		8B93B278242BAC150072D49B /* Release */ = {
			isa = XCBuildConfiguration;
			buildSettings = {
				ALWAYS_SEARCH_USER_PATHS = NO;
				CLANG_ANALYZER_NONNULL = YES;
				CLANG_ANALYZER_NUMBER_OBJECT_CONVERSION = YES_AGGRESSIVE;
				CLANG_CXX_LANGUAGE_STANDARD = "gnu++14";
				CLANG_CXX_LIBRARY = "libc++";
				CLANG_ENABLE_MODULES = YES;
				CLANG_ENABLE_OBJC_ARC = YES;
				CLANG_ENABLE_OBJC_WEAK = YES;
				CLANG_WARN_BLOCK_CAPTURE_AUTORELEASING = YES;
				CLANG_WARN_BOOL_CONVERSION = YES;
				CLANG_WARN_COMMA = YES;
				CLANG_WARN_CONSTANT_CONVERSION = YES;
				CLANG_WARN_DEPRECATED_OBJC_IMPLEMENTATIONS = YES;
				CLANG_WARN_DIRECT_OBJC_ISA_USAGE = YES_ERROR;
				CLANG_WARN_DOCUMENTATION_COMMENTS = YES;
				CLANG_WARN_EMPTY_BODY = YES;
				CLANG_WARN_ENUM_CONVERSION = YES;
				CLANG_WARN_INFINITE_RECURSION = YES;
				CLANG_WARN_INT_CONVERSION = YES;
				CLANG_WARN_NON_LITERAL_NULL_CONVERSION = YES;
				CLANG_WARN_OBJC_IMPLICIT_RETAIN_SELF = YES;
				CLANG_WARN_OBJC_LITERAL_CONVERSION = YES;
				CLANG_WARN_OBJC_ROOT_CLASS = YES_ERROR;
				CLANG_WARN_RANGE_LOOP_ANALYSIS = YES;
				CLANG_WARN_STRICT_PROTOTYPES = YES;
				CLANG_WARN_SUSPICIOUS_MOVE = YES;
				CLANG_WARN_UNGUARDED_AVAILABILITY = YES_AGGRESSIVE;
				CLANG_WARN_UNREACHABLE_CODE = YES;
				CLANG_WARN__DUPLICATE_METHOD_MATCH = YES;
				COPY_PHASE_STRIP = NO;
				DEBUG_INFORMATION_FORMAT = "dwarf-with-dsym";
				ENABLE_NS_ASSERTIONS = NO;
				ENABLE_STRICT_OBJC_MSGSEND = YES;
				GCC_C_LANGUAGE_STANDARD = gnu11;
				GCC_NO_COMMON_BLOCKS = YES;
				GCC_WARN_64_TO_32_BIT_CONVERSION = YES;
				GCC_WARN_ABOUT_RETURN_TYPE = YES_ERROR;
				GCC_WARN_UNDECLARED_SELECTOR = YES;
				GCC_WARN_UNINITIALIZED_AUTOS = YES_AGGRESSIVE;
				GCC_WARN_UNUSED_FUNCTION = YES;
				GCC_WARN_UNUSED_VARIABLE = YES;
				IPHONEOS_DEPLOYMENT_TARGET = 13.4;
				MTL_ENABLE_DEBUG_INFO = NO;
				MTL_FAST_MATH = YES;
				SDKROOT = iphoneos;
				SWIFT_COMPILATION_MODE = wholemodule;
				SWIFT_OPTIMIZATION_LEVEL = "-O";
				VALIDATE_PRODUCT = YES;
			};
			name = Release;
		};
		8B93B27A242BAC150072D49B /* Debug */ = {
			isa = XCBuildConfiguration;
			baseConfigurationReference = ABC05C882C3AB309F6B76CBA /* Pods-music-search.debug.xcconfig */;
			buildSettings = {
				ASSETCATALOG_COMPILER_APPICON_NAME = AppIcon;
				CODE_SIGN_STYLE = Automatic;
				DEVELOPMENT_TEAM = J8Z6ZVA35Q;
				INFOPLIST_FILE = "music-search/Info.plist";
				IPHONEOS_DEPLOYMENT_TARGET = 12.0;
				LD_RUNPATH_SEARCH_PATHS = (
					"$(inherited)",
					"@executable_path/Frameworks",
				);
				PRODUCT_BUNDLE_IDENTIFIER = "com.unexpected-dev.music-search";
				PRODUCT_NAME = "$(TARGET_NAME)";
				SWIFT_VERSION = 5.0;
				TARGETED_DEVICE_FAMILY = 1;
			};
			name = Debug;
		};
		8B93B27B242BAC150072D49B /* Release */ = {
			isa = XCBuildConfiguration;
			baseConfigurationReference = 4E8EB39976ADB67ECBEF6F6A /* Pods-music-search.release.xcconfig */;
			buildSettings = {
				ASSETCATALOG_COMPILER_APPICON_NAME = AppIcon;
				CODE_SIGN_STYLE = Automatic;
				DEVELOPMENT_TEAM = J8Z6ZVA35Q;
				INFOPLIST_FILE = "music-search/Info.plist";
				IPHONEOS_DEPLOYMENT_TARGET = 12.0;
				LD_RUNPATH_SEARCH_PATHS = (
					"$(inherited)",
					"@executable_path/Frameworks",
				);
				PRODUCT_BUNDLE_IDENTIFIER = "com.unexpected-dev.music-search";
				PRODUCT_NAME = "$(TARGET_NAME)";
				SWIFT_VERSION = 5.0;
				TARGETED_DEVICE_FAMILY = 1;
			};
			name = Release;
		};
		8B93B27D242BAC150072D49B /* Debug */ = {
			isa = XCBuildConfiguration;
			baseConfigurationReference = 9789575DF05EBDDBE5EC490F /* Pods-music-searchTests.debug.xcconfig */;
			buildSettings = {
				ALWAYS_EMBED_SWIFT_STANDARD_LIBRARIES = YES;
				BUNDLE_LOADER = "$(TEST_HOST)";
				CODE_SIGN_STYLE = Automatic;
				DEVELOPMENT_TEAM = J8Z6ZVA35Q;
				INFOPLIST_FILE = "music-searchTests/Info.plist";
				IPHONEOS_DEPLOYMENT_TARGET = 13.4;
				LD_RUNPATH_SEARCH_PATHS = (
					"$(inherited)",
					"@executable_path/Frameworks",
					"@loader_path/Frameworks",
				);
				PRODUCT_BUNDLE_IDENTIFIER = "com.unexpected-dev.music-searchTests";
				PRODUCT_NAME = "$(TARGET_NAME)";
				SWIFT_VERSION = 5.0;
				TARGETED_DEVICE_FAMILY = "1,2";
				TEST_HOST = "$(BUILT_PRODUCTS_DIR)/music-search.app/music-search";
			};
			name = Debug;
		};
		8B93B27E242BAC150072D49B /* Release */ = {
			isa = XCBuildConfiguration;
			baseConfigurationReference = 8292CB831BC25CAB9A59820C /* Pods-music-searchTests.release.xcconfig */;
			buildSettings = {
				ALWAYS_EMBED_SWIFT_STANDARD_LIBRARIES = YES;
				BUNDLE_LOADER = "$(TEST_HOST)";
				CODE_SIGN_STYLE = Automatic;
				DEVELOPMENT_TEAM = J8Z6ZVA35Q;
				INFOPLIST_FILE = "music-searchTests/Info.plist";
				IPHONEOS_DEPLOYMENT_TARGET = 13.4;
				LD_RUNPATH_SEARCH_PATHS = (
					"$(inherited)",
					"@executable_path/Frameworks",
					"@loader_path/Frameworks",
				);
				PRODUCT_BUNDLE_IDENTIFIER = "com.unexpected-dev.music-searchTests";
				PRODUCT_NAME = "$(TARGET_NAME)";
				SWIFT_VERSION = 5.0;
				TARGETED_DEVICE_FAMILY = "1,2";
				TEST_HOST = "$(BUILT_PRODUCTS_DIR)/music-search.app/music-search";
			};
			name = Release;
		};
/* End XCBuildConfiguration section */

/* Begin XCConfigurationList section */
		8B93B255242BAC120072D49B /* Build configuration list for PBXProject "music-search" */ = {
			isa = XCConfigurationList;
			buildConfigurations = (
				8B93B277242BAC150072D49B /* Debug */,
				8B93B278242BAC150072D49B /* Release */,
			);
			defaultConfigurationIsVisible = 0;
			defaultConfigurationName = Release;
		};
		8B93B279242BAC150072D49B /* Build configuration list for PBXNativeTarget "music-search" */ = {
			isa = XCConfigurationList;
			buildConfigurations = (
				8B93B27A242BAC150072D49B /* Debug */,
				8B93B27B242BAC150072D49B /* Release */,
			);
			defaultConfigurationIsVisible = 0;
			defaultConfigurationName = Release;
		};
		8B93B27C242BAC150072D49B /* Build configuration list for PBXNativeTarget "music-searchTests" */ = {
			isa = XCConfigurationList;
			buildConfigurations = (
				8B93B27D242BAC150072D49B /* Debug */,
				8B93B27E242BAC150072D49B /* Release */,
			);
			defaultConfigurationIsVisible = 0;
			defaultConfigurationName = Release;
		};
/* End XCConfigurationList section */
	};
	rootObject = 8B93B252242BAC120072D49B /* Project object */;
}
